
Microsoft Visual Studio Solution File, Format Version 12.00
# Visual Studio Version 16
VisualStudioVersion = 16.0.30907.101
MinimumVisualStudioVersion = 10.0.40219.1
Project("{FAE04EC0-301F-11D3-BF4B-00C04F79EFBC}") = "report", "report.csproj", "{977E2D3B-C6C2-409B-BD3A-9C5E1263295C}"
EndProject
Global
	GlobalSection(SolutionConfigurationPlatforms) = preSolution
		Debug|Any CPU = Debug|Any CPU
		Release|Any CPU = Release|Any CPU
	EndGlobalSection
	GlobalSection(ProjectConfigurationPlatforms) = postSolution
		{977E2D3B-C6C2-409B-BD3A-9C5E1263295C}.Debug|Any CPU.ActiveCfg = Debug|Any CPU
		{977E2D3B-C6C2-409B-BD3A-9C5E1263295C}.Debug|Any CPU.Build.0 = Debug|Any CPU
		{977E2D3B-C6C2-409B-BD3A-9C5E1263295C}.Release|Any CPU.ActiveCfg = Release|Any CPU
		{977E2D3B-C6C2-409B-BD3A-9C5E1263295C}.Release|Any CPU.Build.0 = Release|Any CPU
	EndGlobalSection
	GlobalSection(SolutionProperties) = preSolution
		HideSolutionNode = FALSE
	EndGlobalSection
	GlobalSection(ExtensibilityGlobals) = postSolution
		SolutionGuid = {813C743F-587D-4330-B506-6F9089D00300}
	EndGlobalSection
EndGlobal
